
Microsoft Visual Studio Solution File, Format Version 12.00
# Visual Studio Version 17
VisualStudioVersion = 17.1.32210.238
MinimumVisualStudioVersion = 10.0.40219.1
Project("{FAE04EC0-301F-11D3-BF4B-00C04F79EFBC}") = "Cinema", "Cinema.csproj", "{0EDF4EA2-96B1-4F20-A1DA-8F339E499392}"
EndProject
Global
	GlobalSection(SolutionConfigurationPlatforms) = preSolution
		Debug|Any CPU = Debug|Any CPU
		Release|Any CPU = Release|Any CPU
	EndGlobalSection
	GlobalSection(ProjectConfigurationPlatforms) = postSolution
		{0EDF4EA2-96B1-4F20-A1DA-8F339E499392}.Debug|Any CPU.ActiveCfg = Debug|Any CPU
		{0EDF4EA2-96B1-4F20-A1DA-8F339E499392}.Debug|Any CPU.Build.0 = Debug|Any CPU
		{0EDF4EA2-96B1-4F20-A1DA-8F339E499392}.Release|Any CPU.ActiveCfg = Release|Any CPU
		{0EDF4EA2-96B1-4F20-A1DA-8F339E499392}.Release|Any CPU.Build.0 = Release|Any CPU
	EndGlobalSection
	GlobalSection(SolutionProperties) = preSolution
		HideSolutionNode = FALSE
	EndGlobalSection
	GlobalSection(ExtensibilityGlobals) = postSolution
		SolutionGuid = {287843AB-6636-430A-BF7A-9062C710300A}
	EndGlobalSection
EndGlobal
